
Microsoft Visual Studio Solution File, Format Version 12.00
# Visual Studio Version 17
VisualStudioVersion = 17.10.35013.160
MinimumVisualStudioVersion = 10.0.40219.1
Project("{FAE04EC0-301F-11D3-BF4B-00C04F79EFBC}") = "WorkingWithFiles", "WorkingWithFiles\WorkingWithFiles.csproj", "{714915EC-D3BC-4FA7-A338-81C716B2EE32}"
EndProject
Global
	GlobalSection(SolutionConfigurationPlatforms) = preSolution
		Debug|Any CPU = Debug|Any CPU
		Release|Any CPU = Release|Any CPU
	EndGlobalSection
	GlobalSection(ProjectConfigurationPlatforms) = postSolution
		{714915EC-D3BC-4FA7-A338-81C716B2EE32}.Debug|Any CPU.ActiveCfg = Debug|Any CPU
		{714915EC-D3BC-4FA7-A338-81C716B2EE32}.Debug|Any CPU.Build.0 = Debug|Any CPU
		{714915EC-D3BC-4FA7-A338-81C716B2EE32}.Release|Any CPU.ActiveCfg = Release|Any CPU
		{714915EC-D3BC-4FA7-A338-81C716B2EE32}.Release|Any CPU.Build.0 = Release|Any CPU
	EndGlobalSection
	GlobalSection(SolutionProperties) = preSolution
		HideSolutionNode = FALSE
	EndGlobalSection
	GlobalSection(ExtensibilityGlobals) = postSolution
		SolutionGuid = {66684A31-528A-45AD-AE18-02AF36738A48}
	EndGlobalSection
EndGlobal
